
Microsoft Visual Studio Solution File, Format Version 12.00
# Visual Studio Version 17
VisualStudioVersion = 17.10.35122.118
MinimumVisualStudioVersion = 10.0.40219.1
Project("{FAE04EC0-301F-11D3-BF4B-00C04F79EFBC}") = "mapping_complex_type_to_primitve_type", "mapping_complex_type_to_primitve_type.csproj", "{FD352112-A7CE-43C2-9BC1-C8C8C9A19776}"
EndProject
Global
	GlobalSection(SolutionConfigurationPlatforms) = preSolution
		Debug|Any CPU = Debug|Any CPU
		Release|Any CPU = Release|Any CPU
	EndGlobalSection
	GlobalSection(ProjectConfigurationPlatforms) = postSolution
		{FD352112-A7CE-43C2-9BC1-C8C8C9A19776}.Debug|Any CPU.ActiveCfg = Debug|Any CPU
		{FD352112-A7CE-43C2-9BC1-C8C8C9A19776}.Debug|Any CPU.Build.0 = Debug|Any CPU
		{FD352112-A7CE-43C2-9BC1-C8C8C9A19776}.Release|Any CPU.ActiveCfg = Release|Any CPU
		{FD352112-A7CE-43C2-9BC1-C8C8C9A19776}.Release|Any CPU.Build.0 = Release|Any CPU
	EndGlobalSection
	GlobalSection(SolutionProperties) = preSolution
		HideSolutionNode = FALSE
	EndGlobalSection
	GlobalSection(ExtensibilityGlobals) = postSolution
		SolutionGuid = {136CDBF7-B399-4CA2-91CD-9E80B80A780E}
	EndGlobalSection
EndGlobal
